
Microsoft Visual Studio Solution File, Format Version 12.00
# Visual Studio 15
VisualStudioVersion = 15.0.28307.136
MinimumVisualStudioVersion = 10.0.40219.1
Project("{FAE04EC0-301F-11D3-BF4B-00C04F79EFBC}") = "TeamProject2", "TeamProject2\TeamProject2.csproj", "{10CFF1F7-E9F8-4B32-8490-2CC309B0FD2E}"
EndProject
Global
	GlobalSection(SolutionConfigurationPlatforms) = preSolution
		Debug|Any CPU = Debug|Any CPU
		Release|Any CPU = Release|Any CPU
	EndGlobalSection
	GlobalSection(ProjectConfigurationPlatforms) = postSolution
		{10CFF1F7-E9F8-4B32-8490-2CC309B0FD2E}.Debug|Any CPU.ActiveCfg = Debug|Any CPU
		{10CFF1F7-E9F8-4B32-8490-2CC309B0FD2E}.Debug|Any CPU.Build.0 = Debug|Any CPU
		{10CFF1F7-E9F8-4B32-8490-2CC309B0FD2E}.Release|Any CPU.ActiveCfg = Release|Any CPU
		{10CFF1F7-E9F8-4B32-8490-2CC309B0FD2E}.Release|Any CPU.Build.0 = Release|Any CPU
	EndGlobalSection
	GlobalSection(SolutionProperties) = preSolution
		HideSolutionNode = FALSE
	EndGlobalSection
	GlobalSection(ExtensibilityGlobals) = postSolution
		SolutionGuid = {530B2309-FA1C-4CC0-9F7C-F16F5DEE7427}
	EndGlobalSection
EndGlobal
